// !$*UTF8*$!
{
	archiveVersion = 1;
	classes = {
	};
	objectVersion = 52;
	objects = {

/* Begin PBXBuildFile section */
		0039E4FB23B4CF72004C93C3 /* HomePage.swift in Sources */ = {isa = PBXBuildFile; fileRef = 0039E4FA23B4CF72004C93C3 /* HomePage.swift */; };
		0047CE8623C7C0A70042EB6C /* video2Thumb.png in Resources */ = {isa = PBXBuildFile; fileRef = 0047CE8423C7C0A60042EB6C /* video2Thumb.png */; };
		0047CE8723C7C0A70042EB6C /* video1Thumb.png in Resources */ = {isa = PBXBuildFile; fileRef = 0047CE8523C7C0A70042EB6C /* video1Thumb.png */; };
		0050ACAB23BE79A900AEDC88 /* SwiftUIView.swift in Sources */ = {isa = PBXBuildFile; fileRef = 0050ACAA23BE79A900AEDC88 /* SwiftUIView.swift */; };
		006790A123B9366A002F3473 /* PreviewRow.swift in Sources */ = {isa = PBXBuildFile; fileRef = 006790A023B9366A002F3473 /* PreviewRow.swift */; };
		0074145823C3B51900C2A594 /* SharedTipVideoData_Singleton.swift in Sources */ = {isa = PBXBuildFile; fileRef = 0074145423C3B51900C2A594 /* SharedTipVideoData_Singleton.swift */; };
		0074145923C3B51900C2A594 /* CurrentUser_Singleton.swift in Sources */ = {isa = PBXBuildFile; fileRef = 0074145523C3B51900C2A594 /* CurrentUser_Singleton.swift */; };
		0074145B23C3B51900C2A594 /* Account_Singleton.swift in Sources */ = {isa = PBXBuildFile; fileRef = 0074145723C3B51900C2A594 /* Account_Singleton.swift */; };
		0074146523C3B5BB00C2A594 /* TapSessionTest.json in Resources */ = {isa = PBXBuildFile; fileRef = 0074145E23C3B5BB00C2A594 /* TapSessionTest.json */; };
		0074146623C3B5BB00C2A594 /* TipTest.json in Resources */ = {isa = PBXBuildFile; fileRef = 0074145F23C3B5BB00C2A594 /* TipTest.json */; };
		0074146723C3B5BB00C2A594 /* Account_API_Statement.json in Resources */ = {isa = PBXBuildFile; fileRef = 0074146023C3B5BB00C2A594 /* Account_API_Statement.json */; };
		0074146823C3B5BB00C2A594 /* Account_State_Launch.json in Resources */ = {isa = PBXBuildFile; fileRef = 0074146223C3B5BB00C2A594 /* Account_State_Launch.json */; };
		0074146923C3B5BB00C2A594 /* Current_User_Launch.json in Resources */ = {isa = PBXBuildFile; fileRef = 0074146323C3B5BB00C2A594 /* Current_User_Launch.json */; };
		0074146A23C3B5BB00C2A594 /* Public_TipVideos_Launch.json in Resources */ = {isa = PBXBuildFile; fileRef = 0074146423C3B5BB00C2A594 /* Public_TipVideos_Launch.json */; };
		007621F523D467320037244E /* DataStored_Debug.swift in Sources */ = {isa = PBXBuildFile; fileRef = 007621F423D467320037244E /* DataStored_Debug.swift */; };
		0094122423B12D4B0034780B /* AppDelegate.swift in Sources */ = {isa = PBXBuildFile; fileRef = 0094122323B12D4B0034780B /* AppDelegate.swift */; };
		0094122623B12D4B0034780B /* SceneDelegate.swift in Sources */ = {isa = PBXBuildFile; fileRef = 0094122523B12D4B0034780B /* SceneDelegate.swift */; };
		0094122D23B12D4D0034780B /* Preview Assets.xcassets in Resources */ = {isa = PBXBuildFile; fileRef = 0094122C23B12D4D0034780B /* Preview Assets.xcassets */; };
		0094123023B12D4D0034780B /* LaunchScreen.storyboard in Resources */ = {isa = PBXBuildFile; fileRef = 0094122E23B12D4D0034780B /* LaunchScreen.storyboard */; };
		0094123B23B12D4D0034780B /* frontBigTipTests.swift in Sources */ = {isa = PBXBuildFile; fileRef = 0094123A23B12D4D0034780B /* frontBigTipTests.swift */; };
		0094124623B12D4D0034780B /* frontBigTipUITests.swift in Sources */ = {isa = PBXBuildFile; fileRef = 0094124523B12D4D0034780B /* frontBigTipUITests.swift */; };
		00B1607523D0D1F40012FC2D /* StoredData_Singleton.swift in Sources */ = {isa = PBXBuildFile; fileRef = 00B1607423D0D1F40012FC2D /* StoredData_Singleton.swift */; };
		00BD7E5323B7411E00DA6EB4 /* TapSession.swift in Sources */ = {isa = PBXBuildFile; fileRef = 00BD7E5023B7411E00DA6EB4 /* TapSession.swift */; };
		00BD7E5423B7411E00DA6EB4 /* Tip.swift in Sources */ = {isa = PBXBuildFile; fileRef = 00BD7E5123B7411E00DA6EB4 /* Tip.swift */; };
		00BD7E5523B7411E00DA6EB4 /* Users.swift in Sources */ = {isa = PBXBuildFile; fileRef = 00BD7E5223B7411E00DA6EB4 /* Users.swift */; };
		00BD7E5623B749F500DA6EB4 /* TapSession.swift in Sources */ = {isa = PBXBuildFile; fileRef = 00BD7E5023B7411E00DA6EB4 /* TapSession.swift */; };
		00BD7E5723B749F500DA6EB4 /* Tip.swift in Sources */ = {isa = PBXBuildFile; fileRef = 00BD7E5123B7411E00DA6EB4 /* Tip.swift */; };
		00BD7E5823B749F500DA6EB4 /* Users.swift in Sources */ = {isa = PBXBuildFile; fileRef = 00BD7E5223B7411E00DA6EB4 /* Users.swift */; };
		00BD7E5A23B749F500DA6EB4 /* TipVideo.swift in Sources */ = {isa = PBXBuildFile; fileRef = 00DEEEAC23B27CF00063C145 /* TipVideo.swift */; };
		00BD7E5C23B749F600DA6EB4 /* TapSession.swift in Sources */ = {isa = PBXBuildFile; fileRef = 00BD7E5023B7411E00DA6EB4 /* TapSession.swift */; };
		00BD7E5D23B749F600DA6EB4 /* Tip.swift in Sources */ = {isa = PBXBuildFile; fileRef = 00BD7E5123B7411E00DA6EB4 /* Tip.swift */; };
		00BD7E5E23B749F600DA6EB4 /* Users.swift in Sources */ = {isa = PBXBuildFile; fileRef = 00BD7E5223B7411E00DA6EB4 /* Users.swift */; };
		00BD7E6023B749F600DA6EB4 /* TipVideo.swift in Sources */ = {isa = PBXBuildFile; fileRef = 00DEEEAC23B27CF00063C145 /* TipVideo.swift */; };
		00C3939A23BFCE6500EC9401 /* Account_Events.swift in Sources */ = {isa = PBXBuildFile; fileRef = 00C3939923BFCE6500EC9401 /* Account_Events.swift */; };
		00C79DD123C11BE6009ACF62 /* AccountStatementManagement.swift in Sources */ = {isa = PBXBuildFile; fileRef = 00C79DD023C11BE6009ACF62 /* AccountStatementManagement.swift */; };
		00C79DD323C11E84009ACF62 /* Account.swift in Sources */ = {isa = PBXBuildFile; fileRef = 00C79DD223C11E84009ACF62 /* Account.swift */; };
		00CA49DA23D797B6000D9419 /* dog.mp4 in Resources */ = {isa = PBXBuildFile; fileRef = 00E01DC023CA351D00FE5144 /* dog.mp4 */; };
		00DEEEAE23B27CF00063C145 /* TipVideo.swift in Sources */ = {isa = PBXBuildFile; fileRef = 00DEEEAC23B27CF00063C145 /* TipVideo.swift */; };
		00DEEEEF23B287EE0063C145 /* SessionManagement.swift in Sources */ = {isa = PBXBuildFile; fileRef = 00DEEEED23B287EE0063C145 /* SessionManagement.swift */; };
		00DEEEF023B287EE0063C145 /* DataHandling.swift in Sources */ = {isa = PBXBuildFile; fileRef = 00DEEEEE23B287EE0063C145 /* DataHandling.swift */; };
		00E01DC423CA359E00FE5144 /* dogThumbnail.png in Resources */ = {isa = PBXBuildFile; fileRef = 00E01DC223CA359E00FE5144 /* dogThumbnail.png */; };
		00E01DC723CA38BA00FE5144 /* longinesThumbnail.png in Resources */ = {isa = PBXBuildFile; fileRef = 00E01DC623CA38BA00FE5144 /* longinesThumbnail.png */; };
		00E01DC923CA3D7600FE5144 /* TipVideoDetail.swift in Sources */ = {isa = PBXBuildFile; fileRef = 00E01DC823CA3D7600FE5144 /* TipVideoDetail.swift */; };
		00E01DCC23CA44D800FE5144 /* EMPTYPlayerTipVideo.swift in Sources */ = {isa = PBXBuildFile; fileRef = 00E01DCB23CA44D800FE5144 /* EMPTYPlayerTipVideo.swift */; };
		00E01DCF23CA458300FE5144 /* VideoPlayer in Frameworks */ = {isa = PBXBuildFile; productRef = 00E01DCE23CA458300FE5144 /* VideoPlayer */; };
		00E01DD523CA54FF00FE5144 /* dogTipVideo.json in Resources */ = {isa = PBXBuildFile; fileRef = 00E01DD423CA54FF00FE5144 /* dogTipVideo.json */; };
		00F293DF23CA11CC00BDF68A /* File in Resources */ = {isa = PBXBuildFile; fileRef = 00F293DE23CA11CC00BDF68A /* File */; };
		055B959FB8FDC4FC6D495D10 /* Pods_frontBigTipTests.framework in Frameworks */ = {isa = PBXBuildFile; fileRef = 14AD1406B6CD56B368329FC1 /* Pods_frontBigTipTests.framework */; };
		2F8E6E1ED85F3441DDB1771D /* Pods_frontBigTip_frontBigTipUITests.framework in Frameworks */ = {isa = PBXBuildFile; fileRef = 7351ECC3651B0C5EBAAA5E53 /* Pods_frontBigTip_frontBigTipUITests.framework */; };
		B0231F235A2741EF681DED5A /* Pods_frontBigTip.framework in Frameworks */ = {isa = PBXBuildFile; fileRef = A158C623FF16A7A6A0D7B708 /* Pods_frontBigTip.framework */; };
/* End PBXBuildFile section */

/* Begin PBXContainerItemProxy section */
		0094123723B12D4D0034780B /* PBXContainerItemProxy */ = {
			isa = PBXContainerItemProxy;
			containerPortal = 0094121823B12D4A0034780B /* Project object */;
			proxyType = 1;
			remoteGlobalIDString = 0094121F23B12D4A0034780B;
			remoteInfo = frontBigTip;
		};
		0094124223B12D4D0034780B /* PBXContainerItemProxy */ = {
			isa = PBXContainerItemProxy;
			containerPortal = 0094121823B12D4A0034780B /* Project object */;
			proxyType = 1;
			remoteGlobalIDString = 0094121F23B12D4A0034780B;
			remoteInfo = frontBigTip;
		};
/* End PBXContainerItemProxy section */

/* Begin PBXFileReference section */
		0039E4FA23B4CF72004C93C3 /* HomePage.swift */ = {isa = PBXFileReference; lastKnownFileType = sourcecode.swift; path = HomePage.swift; sourceTree = "<group>"; };
		0047CE8423C7C0A60042EB6C /* video2Thumb.png */ = {isa = PBXFileReference; lastKnownFileType = image.png; path = video2Thumb.png; sourceTree = "<group>"; };
		0047CE8523C7C0A70042EB6C /* video1Thumb.png */ = {isa = PBXFileReference; lastKnownFileType = image.png; path = video1Thumb.png; sourceTree = "<group>"; };
		0050ACAA23BE79A900AEDC88 /* SwiftUIView.swift */ = {isa = PBXFileReference; lastKnownFileType = sourcecode.swift; path = SwiftUIView.swift; sourceTree = "<group>"; };
		006790A023B9366A002F3473 /* PreviewRow.swift */ = {isa = PBXFileReference; lastKnownFileType = sourcecode.swift; path = PreviewRow.swift; sourceTree = "<group>"; };
		0074145423C3B51900C2A594 /* SharedTipVideoData_Singleton.swift */ = {isa = PBXFileReference; fileEncoding = 4; lastKnownFileType = sourcecode.swift; path = SharedTipVideoData_Singleton.swift; sourceTree = "<group>"; };
		0074145523C3B51900C2A594 /* CurrentUser_Singleton.swift */ = {isa = PBXFileReference; fileEncoding = 4; lastKnownFileType = sourcecode.swift; path = CurrentUser_Singleton.swift; sourceTree = "<group>"; };
		0074145723C3B51900C2A594 /* Account_Singleton.swift */ = {isa = PBXFileReference; fileEncoding = 4; lastKnownFileType = sourcecode.swift; path = Account_Singleton.swift; sourceTree = "<group>"; };
		0074145E23C3B5BB00C2A594 /* TapSessionTest.json */ = {isa = PBXFileReference; fileEncoding = 4; lastKnownFileType = text.json; path = TapSessionTest.json; sourceTree = "<group>"; };
		0074145F23C3B5BB00C2A594 /* TipTest.json */ = {isa = PBXFileReference; fileEncoding = 4; lastKnownFileType = text.json; path = TipTest.json; sourceTree = "<group>"; };
		0074146023C3B5BB00C2A594 /* Account_API_Statement.json */ = {isa = PBXFileReference; fileEncoding = 4; lastKnownFileType = text.json; path = Account_API_Statement.json; sourceTree = "<group>"; };
		0074146223C3B5BB00C2A594 /* Account_State_Launch.json */ = {isa = PBXFileReference; fileEncoding = 4; lastKnownFileType = text.json; path = Account_State_Launch.json; sourceTree = "<group>"; };
		0074146323C3B5BB00C2A594 /* Current_User_Launch.json */ = {isa = PBXFileReference; fileEncoding = 4; lastKnownFileType = text.json; path = Current_User_Launch.json; sourceTree = "<group>"; };
		0074146423C3B5BB00C2A594 /* Public_TipVideos_Launch.json */ = {isa = PBXFileReference; fileEncoding = 4; lastKnownFileType = text.json; path = Public_TipVideos_Launch.json; sourceTree = "<group>"; };
		007621F423D467320037244E /* DataStored_Debug.swift */ = {isa = PBXFileReference; lastKnownFileType = sourcecode.swift; path = DataStored_Debug.swift; sourceTree = "<group>"; };
		0094122023B12D4B0034780B /* frontBigTip.app */ = {isa = PBXFileReference; explicitFileType = wrapper.application; includeInIndex = 0; path = frontBigTip.app; sourceTree = BUILT_PRODUCTS_DIR; };
		0094122323B12D4B0034780B /* AppDelegate.swift */ = {isa = PBXFileReference; lastKnownFileType = sourcecode.swift; path = AppDelegate.swift; sourceTree = "<group>"; };
		0094122523B12D4B0034780B /* SceneDelegate.swift */ = {isa = PBXFileReference; lastKnownFileType = sourcecode.swift; path = SceneDelegate.swift; sourceTree = "<group>"; };
		0094122C23B12D4D0034780B /* Preview Assets.xcassets */ = {isa = PBXFileReference; lastKnownFileType = folder.assetcatalog; path = "Preview Assets.xcassets"; sourceTree = "<group>"; };
		0094122F23B12D4D0034780B /* Base */ = {isa = PBXFileReference; lastKnownFileType = file.storyboard; name = Base; path = Base.lproj/LaunchScreen.storyboard; sourceTree = "<group>"; };
		0094123123B12D4D0034780B /* Info.plist */ = {isa = PBXFileReference; lastKnownFileType = text.plist.xml; path = Info.plist; sourceTree = "<group>"; };
		0094123623B12D4D0034780B /* frontBigTipTests.xctest */ = {isa = PBXFileReference; explicitFileType = wrapper.cfbundle; includeInIndex = 0; path = frontBigTipTests.xctest; sourceTree = BUILT_PRODUCTS_DIR; };
		0094123A23B12D4D0034780B /* frontBigTipTests.swift */ = {isa = PBXFileReference; lastKnownFileType = sourcecode.swift; path = frontBigTipTests.swift; sourceTree = "<group>"; };
		0094123C23B12D4D0034780B /* Info.plist */ = {isa = PBXFileReference; lastKnownFileType = text.plist.xml; path = Info.plist; sourceTree = "<group>"; };
		0094124123B12D4D0034780B /* frontBigTipUITests.xctest */ = {isa = PBXFileReference; explicitFileType = wrapper.cfbundle; includeInIndex = 0; path = frontBigTipUITests.xctest; sourceTree = BUILT_PRODUCTS_DIR; };
		0094124523B12D4D0034780B /* frontBigTipUITests.swift */ = {isa = PBXFileReference; lastKnownFileType = sourcecode.swift; path = frontBigTipUITests.swift; sourceTree = "<group>"; };
		0094124723B12D4D0034780B /* Info.plist */ = {isa = PBXFileReference; lastKnownFileType = text.plist.xml; path = Info.plist; sourceTree = "<group>"; };
		00B1607423D0D1F40012FC2D /* StoredData_Singleton.swift */ = {isa = PBXFileReference; fileEncoding = 4; lastKnownFileType = sourcecode.swift; path = StoredData_Singleton.swift; sourceTree = "<group>"; };
		00BD7E5023B7411E00DA6EB4 /* TapSession.swift */ = {isa = PBXFileReference; fileEncoding = 4; lastKnownFileType = sourcecode.swift; path = TapSession.swift; sourceTree = "<group>"; };
		00BD7E5123B7411E00DA6EB4 /* Tip.swift */ = {isa = PBXFileReference; fileEncoding = 4; lastKnownFileType = sourcecode.swift; path = Tip.swift; sourceTree = "<group>"; };
		00BD7E5223B7411E00DA6EB4 /* Users.swift */ = {isa = PBXFileReference; fileEncoding = 4; lastKnownFileType = sourcecode.swift; path = Users.swift; sourceTree = "<group>"; };
		00C3939923BFCE6500EC9401 /* Account_Events.swift */ = {isa = PBXFileReference; fileEncoding = 4; lastKnownFileType = sourcecode.swift; path = Account_Events.swift; sourceTree = "<group>"; };
		00C79DD023C11BE6009ACF62 /* AccountStatementManagement.swift */ = {isa = PBXFileReference; lastKnownFileType = sourcecode.swift; path = AccountStatementManagement.swift; sourceTree = "<group>"; };
		00C79DD223C11E84009ACF62 /* Account.swift */ = {isa = PBXFileReference; lastKnownFileType = sourcecode.swift; path = Account.swift; sourceTree = "<group>"; };
		00DEEEAA23B27B270063C145 /* Assets.xcassets */ = {isa = PBXFileReference; lastKnownFileType = folder.assetcatalog; path = Assets.xcassets; sourceTree = "<group>"; };
		00DEEEAC23B27CF00063C145 /* TipVideo.swift */ = {isa = PBXFileReference; fileEncoding = 4; lastKnownFileType = sourcecode.swift; name = TipVideo.swift; path = frontBigTip/Models/TipVideo.swift; sourceTree = SOURCE_ROOT; };
		00DEEEED23B287EE0063C145 /* SessionManagement.swift */ = {isa = PBXFileReference; fileEncoding = 4; lastKnownFileType = sourcecode.swift; path = SessionManagement.swift; sourceTree = "<group>"; };
		00DEEEEE23B287EE0063C145 /* DataHandling.swift */ = {isa = PBXFileReference; fileEncoding = 4; lastKnownFileType = sourcecode.swift; path = DataHandling.swift; sourceTree = "<group>"; };
		00E01DC023CA351D00FE5144 /* dog.mp4 */ = {isa = PBXFileReference; lastKnownFileType = file; path = dog.mp4; sourceTree = "<group>"; };
		00E01DC123CA351D00FE5144 /* longines.mp4 */ = {isa = PBXFileReference; lastKnownFileType = file; path = longines.mp4; sourceTree = "<group>"; };
		00E01DC223CA359E00FE5144 /* dogThumbnail.png */ = {isa = PBXFileReference; lastKnownFileType = image.png; path = dogThumbnail.png; sourceTree = "<group>"; };
		00E01DC623CA38BA00FE5144 /* longinesThumbnail.png */ = {isa = PBXFileReference; lastKnownFileType = image.png; path = longinesThumbnail.png; sourceTree = "<group>"; };
		00E01DC823CA3D7600FE5144 /* TipVideoDetail.swift */ = {isa = PBXFileReference; lastKnownFileType = sourcecode.swift; path = TipVideoDetail.swift; sourceTree = "<group>"; };
		00E01DCB23CA44D800FE5144 /* EMPTYPlayerTipVideo.swift */ = {isa = PBXFileReference; lastKnownFileType = sourcecode.swift; path = EMPTYPlayerTipVideo.swift; sourceTree = "<group>"; };
		00E01DD423CA54FF00FE5144 /* dogTipVideo.json */ = {isa = PBXFileReference; lastKnownFileType = text.json; path = dogTipVideo.json; sourceTree = "<group>"; };
		00F293DE23CA11CC00BDF68A /* File */ = {isa = PBXFileReference; lastKnownFileType = text; path = File; sourceTree = "<group>"; };
		14AD1406B6CD56B368329FC1 /* Pods_frontBigTipTests.framework */ = {isa = PBXFileReference; explicitFileType = wrapper.framework; includeInIndex = 0; path = Pods_frontBigTipTests.framework; sourceTree = BUILT_PRODUCTS_DIR; };
		2ABB7E4674470043D71B346E /* Pods-frontBigTip-frontBigTipUITests.release.xcconfig */ = {isa = PBXFileReference; includeInIndex = 1; lastKnownFileType = text.xcconfig; name = "Pods-frontBigTip-frontBigTipUITests.release.xcconfig"; path = "Target Support Files/Pods-frontBigTip-frontBigTipUITests/Pods-frontBigTip-frontBigTipUITests.release.xcconfig"; sourceTree = "<group>"; };
		30399530EDB9D66AC12FD4E5 /* Pods-frontBigTip.release.xcconfig */ = {isa = PBXFileReference; includeInIndex = 1; lastKnownFileType = text.xcconfig; name = "Pods-frontBigTip.release.xcconfig"; path = "Target Support Files/Pods-frontBigTip/Pods-frontBigTip.release.xcconfig"; sourceTree = "<group>"; };
		3D854FD7E3C0AB158FE272C9 /* Pods-frontBigTip-frontBigTipUITests.debug.xcconfig */ = {isa = PBXFileReference; includeInIndex = 1; lastKnownFileType = text.xcconfig; name = "Pods-frontBigTip-frontBigTipUITests.debug.xcconfig"; path = "Target Support Files/Pods-frontBigTip-frontBigTipUITests/Pods-frontBigTip-frontBigTipUITests.debug.xcconfig"; sourceTree = "<group>"; };
		7185D91F21FEF9FEA8C985B3 /* Pods-frontBigTipTests.release.xcconfig */ = {isa = PBXFileReference; includeInIndex = 1; lastKnownFileType = text.xcconfig; name = "Pods-frontBigTipTests.release.xcconfig"; path = "Target Support Files/Pods-frontBigTipTests/Pods-frontBigTipTests.release.xcconfig"; sourceTree = "<group>"; };
		7351ECC3651B0C5EBAAA5E53 /* Pods_frontBigTip_frontBigTipUITests.framework */ = {isa = PBXFileReference; explicitFileType = wrapper.framework; includeInIndex = 0; path = Pods_frontBigTip_frontBigTipUITests.framework; sourceTree = BUILT_PRODUCTS_DIR; };
		A158C623FF16A7A6A0D7B708 /* Pods_frontBigTip.framework */ = {isa = PBXFileReference; explicitFileType = wrapper.framework; includeInIndex = 0; path = Pods_frontBigTip.framework; sourceTree = BUILT_PRODUCTS_DIR; };
		AD64B3F55D4C228AFEC24B80 /* Pods-frontBigTip.debug.xcconfig */ = {isa = PBXFileReference; includeInIndex = 1; lastKnownFileType = text.xcconfig; name = "Pods-frontBigTip.debug.xcconfig"; path = "Target Support Files/Pods-frontBigTip/Pods-frontBigTip.debug.xcconfig"; sourceTree = "<group>"; };
		DA028526D5B4D8A284653361 /* Pods-frontBigTipTests.debug.xcconfig */ = {isa = PBXFileReference; includeInIndex = 1; lastKnownFileType = text.xcconfig; name = "Pods-frontBigTipTests.debug.xcconfig"; path = "Target Support Files/Pods-frontBigTipTests/Pods-frontBigTipTests.debug.xcconfig"; sourceTree = "<group>"; };
/* End PBXFileReference section */

/* Begin PBXFrameworksBuildPhase section */
		0094121D23B12D4A0034780B /* Frameworks */ = {
			isa = PBXFrameworksBuildPhase;
			buildActionMask = 2147483647;
			files = (
				B0231F235A2741EF681DED5A /* Pods_frontBigTip.framework in Frameworks */,
				00E01DCF23CA458300FE5144 /* VideoPlayer in Frameworks */,
			);
			runOnlyForDeploymentPostprocessing = 0;
		};
		0094123323B12D4D0034780B /* Frameworks */ = {
			isa = PBXFrameworksBuildPhase;
			buildActionMask = 2147483647;
			files = (
				055B959FB8FDC4FC6D495D10 /* Pods_frontBigTipTests.framework in Frameworks */,
			);
			runOnlyForDeploymentPostprocessing = 0;
		};
		0094123E23B12D4D0034780B /* Frameworks */ = {
			isa = PBXFrameworksBuildPhase;
			buildActionMask = 2147483647;
			files = (
				2F8E6E1ED85F3441DDB1771D /* Pods_frontBigTip_frontBigTipUITests.framework in Frameworks */,
			);
			runOnlyForDeploymentPostprocessing = 0;
		};
/* End PBXFrameworksBuildPhase section */

/* Begin PBXGroup section */
		00532EDE23C7A35C0056FFF9 /* Deprecated */ = {
			isa = PBXGroup;
			children = (
				00F293DE23CA11CC00BDF68A /* File */,
			);
			path = Deprecated;
			sourceTree = "<group>";
		};
		0074145323C3B51900C2A594 /* DataHandling */ = {
			isa = PBXGroup;
			children = (
				0074145423C3B51900C2A594 /* SharedTipVideoData_Singleton.swift */,
				0074145523C3B51900C2A594 /* CurrentUser_Singleton.swift */,
				0074145723C3B51900C2A594 /* Account_Singleton.swift */,
				00B1607423D0D1F40012FC2D /* StoredData_Singleton.swift */,
			);
			path = DataHandling;
			sourceTree = "<group>";
		};
		0074145C23C3B5BB00C2A594 /* Ressources */ = {
			isa = PBXGroup;
			children = (
				00532EDE23C7A35C0056FFF9 /* Deprecated */,
				0074145D23C3B5BB00C2A594 /* Object_Testing */,
				00F293DD23C9F5DF00BDF68A /* App_OnGoing_Sync */,
				0074146123C3B5BB00C2A594 /* App_Launch_Syncing */,
			);
			path = Ressources;
			sourceTree = "<group>";
		};
		0074145D23C3B5BB00C2A594 /* Object_Testing */ = {
			isa = PBXGroup;
			children = (
				0074145E23C3B5BB00C2A594 /* TapSessionTest.json */,
				0074145F23C3B5BB00C2A594 /* TipTest.json */,
			);
			path = Object_Testing;
			sourceTree = "<group>";
		};
		0074146123C3B5BB00C2A594 /* App_Launch_Syncing */ = {
			isa = PBXGroup;
			children = (
				0047CE8523C7C0A70042EB6C /* video1Thumb.png */,
				0047CE8423C7C0A60042EB6C /* video2Thumb.png */,
				0074146223C3B5BB00C2A594 /* Account_State_Launch.json */,
				0074146323C3B5BB00C2A594 /* Current_User_Launch.json */,
				0074146423C3B5BB00C2A594 /* Public_TipVideos_Launch.json */,
				00E01DC023CA351D00FE5144 /* dog.mp4 */,
				00E01DC123CA351D00FE5144 /* longines.mp4 */,
				00E01DC223CA359E00FE5144 /* dogThumbnail.png */,
				00E01DC623CA38BA00FE5144 /* longinesThumbnail.png */,
				007621F423D467320037244E /* DataStored_Debug.swift */,
			);
			path = App_Launch_Syncing;
			sourceTree = "<group>";
		};
		0094121723B12D4A0034780B = {
			isa = PBXGroup;
			children = (
				0094122223B12D4B0034780B /* frontBigTip */,
				0094123923B12D4D0034780B /* frontBigTipTests */,
				0094124423B12D4D0034780B /* frontBigTipUITests */,
				0094122123B12D4B0034780B /* Products */,
				B5CDA5A271920345C91E24A7 /* Pods */,
				3F95E9ACC5672AD4A1D204E0 /* Frameworks */,
			);
			sourceTree = "<group>";
		};
		0094122123B12D4B0034780B /* Products */ = {
			isa = PBXGroup;
			children = (
				0094122023B12D4B0034780B /* frontBigTip.app */,
				0094123623B12D4D0034780B /* frontBigTipTests.xctest */,
				0094124123B12D4D0034780B /* frontBigTipUITests.xctest */,
			);
			name = Products;
			sourceTree = "<group>";
		};
		0094122223B12D4B0034780B /* frontBigTip */ = {
			isa = PBXGroup;
			children = (
				0074145C23C3B5BB00C2A594 /* Ressources */,
				0074145323C3B51900C2A594 /* DataHandling */,
				00C79DCF23C11BC3009ACF62 /* Sync_Management */,
				0094122323B12D4B0034780B /* AppDelegate.swift */,
				0039E4FA23B4CF72004C93C3 /* HomePage.swift */,
				006790A023B9366A002F3473 /* PreviewRow.swift */,
				00E01DC823CA3D7600FE5144 /* TipVideoDetail.swift */,
				00E01DCA23CA44BF00FE5144 /* UI_Elements */,
				0050ACAA23BE79A900AEDC88 /* SwiftUIView.swift */,
				0094122523B12D4B0034780B /* SceneDelegate.swift */,
				0094122E23B12D4D0034780B /* LaunchScreen.storyboard */,
				0094123123B12D4D0034780B /* Info.plist */,
				00DEEEAA23B27B270063C145 /* Assets.xcassets */,
				00DEEEEC23B287EE0063C145 /* Network */,
				00DEEEAB23B27C890063C145 /* Models */,
				0094122B23B12D4D0034780B /* Preview Content */,
			);
			path = frontBigTip;
			sourceTree = "<group>";
		};
		0094122B23B12D4D0034780B /* Preview Content */ = {
			isa = PBXGroup;
			children = (
				0094122C23B12D4D0034780B /* Preview Assets.xcassets */,
			);
			path = "Preview Content";
			sourceTree = "<group>";
		};
		0094123923B12D4D0034780B /* frontBigTipTests */ = {
			isa = PBXGroup;
			children = (
				0094123A23B12D4D0034780B /* frontBigTipTests.swift */,
				0094123C23B12D4D0034780B /* Info.plist */,
			);
			path = frontBigTipTests;
			sourceTree = "<group>";
		};
		0094124423B12D4D0034780B /* frontBigTipUITests */ = {
			isa = PBXGroup;
			children = (
				0094124523B12D4D0034780B /* frontBigTipUITests.swift */,
				0094124723B12D4D0034780B /* Info.plist */,
			);
			path = frontBigTipUITests;
			sourceTree = "<group>";
		};
		00C79DCF23C11BC3009ACF62 /* Sync_Management */ = {
			isa = PBXGroup;
			children = (
				00C79DD023C11BE6009ACF62 /* AccountStatementManagement.swift */,
			);
			path = Sync_Management;
			sourceTree = "<group>";
		};
		00DEEEAB23B27C890063C145 /* Models */ = {
			isa = PBXGroup;
			children = (
				00DEEEAC23B27CF00063C145 /* TipVideo.swift */,
				00C3939923BFCE6500EC9401 /* Account_Events.swift */,
				00C79DD223C11E84009ACF62 /* Account.swift */,
				00BD7E5223B7411E00DA6EB4 /* Users.swift */,
				00BD7E5023B7411E00DA6EB4 /* TapSession.swift */,
				00BD7E5123B7411E00DA6EB4 /* Tip.swift */,
			);
			path = Models;
			sourceTree = "<group>";
		};
		00DEEEEC23B287EE0063C145 /* Network */ = {
			isa = PBXGroup;
			children = (
				00DEEEED23B287EE0063C145 /* SessionManagement.swift */,
				00DEEEEE23B287EE0063C145 /* DataHandling.swift */,
			);
			path = Network;
			sourceTree = SOURCE_ROOT;
		};
		00E01DCA23CA44BF00FE5144 /* UI_Elements */ = {
			isa = PBXGroup;
			children = (
				00E01DCB23CA44D800FE5144 /* EMPTYPlayerTipVideo.swift */,
			);
			path = UI_Elements;
			sourceTree = "<group>";
		};
		00F293DD23C9F5DF00BDF68A /* App_OnGoing_Sync */ = {
			isa = PBXGroup;
			children = (
				0074146023C3B5BB00C2A594 /* Account_API_Statement.json */,
				00E01DD423CA54FF00FE5144 /* dogTipVideo.json */,
			);
			path = App_OnGoing_Sync;
			sourceTree = "<group>";
		};
		3F95E9ACC5672AD4A1D204E0 /* Frameworks */ = {
			isa = PBXGroup;
			children = (
				A158C623FF16A7A6A0D7B708 /* Pods_frontBigTip.framework */,
				7351ECC3651B0C5EBAAA5E53 /* Pods_frontBigTip_frontBigTipUITests.framework */,
				14AD1406B6CD56B368329FC1 /* Pods_frontBigTipTests.framework */,
			);
			name = Frameworks;
			sourceTree = "<group>";
		};
		B5CDA5A271920345C91E24A7 /* Pods */ = {
			isa = PBXGroup;
			children = (
				AD64B3F55D4C228AFEC24B80 /* Pods-frontBigTip.debug.xcconfig */,
				30399530EDB9D66AC12FD4E5 /* Pods-frontBigTip.release.xcconfig */,
				3D854FD7E3C0AB158FE272C9 /* Pods-frontBigTip-frontBigTipUITests.debug.xcconfig */,
				2ABB7E4674470043D71B346E /* Pods-frontBigTip-frontBigTipUITests.release.xcconfig */,
				DA028526D5B4D8A284653361 /* Pods-frontBigTipTests.debug.xcconfig */,
				7185D91F21FEF9FEA8C985B3 /* Pods-frontBigTipTests.release.xcconfig */,
			);
			path = Pods;
			sourceTree = "<group>";
		};
/* End PBXGroup section */

/* Begin PBXNativeTarget section */
		0094121F23B12D4A0034780B /* frontBigTip */ = {
			isa = PBXNativeTarget;
			buildConfigurationList = 0094124A23B12D4D0034780B /* Build configuration list for PBXNativeTarget "frontBigTip" */;
			buildPhases = (
				FBF891611ACC26A510B896A1 /* [CP] Check Pods Manifest.lock */,
				0094121C23B12D4A0034780B /* Sources */,
				0094121D23B12D4A0034780B /* Frameworks */,
				0094121E23B12D4A0034780B /* Resources */,
				15129300FEECA5514BB17878 /* [CP] Embed Pods Frameworks */,
			);
			buildRules = (
			);
			dependencies = (
			);
			name = frontBigTip;
			packageProductDependencies = (
				00E01DCE23CA458300FE5144 /* VideoPlayer */,
			);
			productName = frontBigTip;
			productReference = 0094122023B12D4B0034780B /* frontBigTip.app */;
			productType = "com.apple.product-type.application";
		};
		0094123523B12D4D0034780B /* frontBigTipTests */ = {
			isa = PBXNativeTarget;
			buildConfigurationList = 0094124D23B12D4D0034780B /* Build configuration list for PBXNativeTarget "frontBigTipTests" */;
			buildPhases = (
				C8C45DE8B2F0DF75FC1D574A /* [CP] Check Pods Manifest.lock */,
				0094123223B12D4D0034780B /* Sources */,
				0094123323B12D4D0034780B /* Frameworks */,
				0094123423B12D4D0034780B /* Resources */,
			);
			buildRules = (
			);
			dependencies = (
				0094123823B12D4D0034780B /* PBXTargetDependency */,
			);
			name = frontBigTipTests;
			productName = frontBigTipTests;
			productReference = 0094123623B12D4D0034780B /* frontBigTipTests.xctest */;
			productType = "com.apple.product-type.bundle.unit-test";
		};
		0094124023B12D4D0034780B /* frontBigTipUITests */ = {
			isa = PBXNativeTarget;
			buildConfigurationList = 0094125023B12D4D0034780B /* Build configuration list for PBXNativeTarget "frontBigTipUITests" */;
			buildPhases = (
				A1EDD65C47792F6471851E68 /* [CP] Check Pods Manifest.lock */,
				0094123D23B12D4D0034780B /* Sources */,
				0094123E23B12D4D0034780B /* Frameworks */,
				0094123F23B12D4D0034780B /* Resources */,
				FDC91F3D18E1A80CE9B3592E /* [CP] Embed Pods Frameworks */,
			);
			buildRules = (
			);
			dependencies = (
				0094124323B12D4D0034780B /* PBXTargetDependency */,
			);
			name = frontBigTipUITests;
			productName = frontBigTipUITests;
			productReference = 0094124123B12D4D0034780B /* frontBigTipUITests.xctest */;
			productType = "com.apple.product-type.bundle.ui-testing";
		};
/* End PBXNativeTarget section */

/* Begin PBXProject section */
		0094121823B12D4A0034780B /* Project object */ = {
			isa = PBXProject;
			attributes = {
				LastSwiftUpdateCheck = 1130;
				LastUpgradeCheck = 1130;
				ORGANIZATIONNAME = "Quentin Duquesne";
				TargetAttributes = {
					0094121F23B12D4A0034780B = {
						CreatedOnToolsVersion = 11.3;
					};
					0094123523B12D4D0034780B = {
						CreatedOnToolsVersion = 11.3;
						TestTargetID = 0094121F23B12D4A0034780B;
					};
					0094124023B12D4D0034780B = {
						CreatedOnToolsVersion = 11.3;
						TestTargetID = 0094121F23B12D4A0034780B;
					};
				};
			};
			buildConfigurationList = 0094121B23B12D4A0034780B /* Build configuration list for PBXProject "frontBigTip" */;
			compatibilityVersion = "Xcode 9.3";
			developmentRegion = en;
			hasScannedForEncodings = 0;
			knownRegions = (
				en,
				Base,
			);
			mainGroup = 0094121723B12D4A0034780B;
			packageReferences = (
				00E01DCD23CA458300FE5144 /* XCRemoteSwiftPackageReference "VideoPlayer" */,
			);
			productRefGroup = 0094122123B12D4B0034780B /* Products */;
			projectDirPath = "";
			projectRoot = "";
			targets = (
				0094121F23B12D4A0034780B /* frontBigTip */,
				0094123523B12D4D0034780B /* frontBigTipTests */,
				0094124023B12D4D0034780B /* frontBigTipUITests */,
			);
		};
/* End PBXProject section */

/* Begin PBXResourcesBuildPhase section */
		0094121E23B12D4A0034780B /* Resources */ = {
			isa = PBXResourcesBuildPhase;
			buildActionMask = 2147483647;
			files = (
				00CA49DA23D797B6000D9419 /* dog.mp4 in Resources */,
				00E01DC423CA359E00FE5144 /* dogThumbnail.png in Resources */,
				0074146823C3B5BB00C2A594 /* Account_State_Launch.json in Resources */,
				0047CE8623C7C0A70042EB6C /* video2Thumb.png in Resources */,
				0047CE8723C7C0A70042EB6C /* video1Thumb.png in Resources */,
				0074146923C3B5BB00C2A594 /* Current_User_Launch.json in Resources */,
				00E01DC723CA38BA00FE5144 /* longinesThumbnail.png in Resources */,
				0094123023B12D4D0034780B /* LaunchScreen.storyboard in Resources */,
				0074146723C3B5BB00C2A594 /* Account_API_Statement.json in Resources */,
				00F293DF23CA11CC00BDF68A /* File in Resources */,
				0074146A23C3B5BB00C2A594 /* Public_TipVideos_Launch.json in Resources */,
				0074146623C3B5BB00C2A594 /* TipTest.json in Resources */,
				0074146523C3B5BB00C2A594 /* TapSessionTest.json in Resources */,
				0094122D23B12D4D0034780B /* Preview Assets.xcassets in Resources */,
				00E01DD523CA54FF00FE5144 /* dogTipVideo.json in Resources */,
			);
			runOnlyForDeploymentPostprocessing = 0;
		};
		0094123423B12D4D0034780B /* Resources */ = {
			isa = PBXResourcesBuildPhase;
			buildActionMask = 2147483647;
			files = (
			);
			runOnlyForDeploymentPostprocessing = 0;
		};
		0094123F23B12D4D0034780B /* Resources */ = {
			isa = PBXResourcesBuildPhase;
			buildActionMask = 2147483647;
			files = (
			);
			runOnlyForDeploymentPostprocessing = 0;
		};
/* End PBXResourcesBuildPhase section */

/* Begin PBXShellScriptBuildPhase section */
		15129300FEECA5514BB17878 /* [CP] Embed Pods Frameworks */ = {
			isa = PBXShellScriptBuildPhase;
			buildActionMask = 2147483647;
			files = (
			);
			inputFileListPaths = (
				"${PODS_ROOT}/Target Support Files/Pods-frontBigTip/Pods-frontBigTip-frameworks-${CONFIGURATION}-input-files.xcfilelist",
			);
			name = "[CP] Embed Pods Frameworks";
			outputFileListPaths = (
				"${PODS_ROOT}/Target Support Files/Pods-frontBigTip/Pods-frontBigTip-frameworks-${CONFIGURATION}-output-files.xcfilelist",
			);
			runOnlyForDeploymentPostprocessing = 0;
			shellPath = /bin/sh;
			shellScript = "\"${PODS_ROOT}/Target Support Files/Pods-frontBigTip/Pods-frontBigTip-frameworks.sh\"\n";
			showEnvVarsInLog = 0;
		};
		A1EDD65C47792F6471851E68 /* [CP] Check Pods Manifest.lock */ = {
			isa = PBXShellScriptBuildPhase;
			buildActionMask = 2147483647;
			files = (
			);
			inputFileListPaths = (
			);
			inputPaths = (
				"${PODS_PODFILE_DIR_PATH}/Podfile.lock",
				"${PODS_ROOT}/Manifest.lock",
			);
			name = "[CP] Check Pods Manifest.lock";
			outputFileListPaths = (
			);
			outputPaths = (
				"$(DERIVED_FILE_DIR)/Pods-frontBigTip-frontBigTipUITests-checkManifestLockResult.txt",
			);
			runOnlyForDeploymentPostprocessing = 0;
			shellPath = /bin/sh;
			shellScript = "diff \"${PODS_PODFILE_DIR_PATH}/Podfile.lock\" \"${PODS_ROOT}/Manifest.lock\" > /dev/null\nif [ $? != 0 ] ; then\n    # print error to STDERR\n    echo \"error: The sandbox is not in sync with the Podfile.lock. Run 'pod install' or update your CocoaPods installation.\" >&2\n    exit 1\nfi\n# This output is used by Xcode 'outputs' to avoid re-running this script phase.\necho \"SUCCESS\" > \"${SCRIPT_OUTPUT_FILE_0}\"\n";
			showEnvVarsInLog = 0;
		};
		C8C45DE8B2F0DF75FC1D574A /* [CP] Check Pods Manifest.lock */ = {
			isa = PBXShellScriptBuildPhase;
			buildActionMask = 2147483647;
			files = (
			);
			inputFileListPaths = (
			);
			inputPaths = (
				"${PODS_PODFILE_DIR_PATH}/Podfile.lock",
				"${PODS_ROOT}/Manifest.lock",
			);
			name = "[CP] Check Pods Manifest.lock";
			outputFileListPaths = (
			);
			outputPaths = (
				"$(DERIVED_FILE_DIR)/Pods-frontBigTipTests-checkManifestLockResult.txt",
			);
			runOnlyForDeploymentPostprocessing = 0;
			shellPath = /bin/sh;
			shellScript = "diff \"${PODS_PODFILE_DIR_PATH}/Podfile.lock\" \"${PODS_ROOT}/Manifest.lock\" > /dev/null\nif [ $? != 0 ] ; then\n    # print error to STDERR\n    echo \"error: The sandbox is not in sync with the Podfile.lock. Run 'pod install' or update your CocoaPods installation.\" >&2\n    exit 1\nfi\n# This output is used by Xcode 'outputs' to avoid re-running this script phase.\necho \"SUCCESS\" > \"${SCRIPT_OUTPUT_FILE_0}\"\n";
			showEnvVarsInLog = 0;
		};
		FBF891611ACC26A510B896A1 /* [CP] Check Pods Manifest.lock */ = {
			isa = PBXShellScriptBuildPhase;
			buildActionMask = 2147483647;
			files = (
			);
			inputFileListPaths = (
			);
			inputPaths = (
				"${PODS_PODFILE_DIR_PATH}/Podfile.lock",
				"${PODS_ROOT}/Manifest.lock",
			);
			name = "[CP] Check Pods Manifest.lock";
			outputFileListPaths = (
			);
			outputPaths = (
				"$(DERIVED_FILE_DIR)/Pods-frontBigTip-checkManifestLockResult.txt",
			);
			runOnlyForDeploymentPostprocessing = 0;
			shellPath = /bin/sh;
			shellScript = "diff \"${PODS_PODFILE_DIR_PATH}/Podfile.lock\" \"${PODS_ROOT}/Manifest.lock\" > /dev/null\nif [ $? != 0 ] ; then\n    # print error to STDERR\n    echo \"error: The sandbox is not in sync with the Podfile.lock. Run 'pod install' or update your CocoaPods installation.\" >&2\n    exit 1\nfi\n# This output is used by Xcode 'outputs' to avoid re-running this script phase.\necho \"SUCCESS\" > \"${SCRIPT_OUTPUT_FILE_0}\"\n";
			showEnvVarsInLog = 0;
		};
		FDC91F3D18E1A80CE9B3592E /* [CP] Embed Pods Frameworks */ = {
			isa = PBXShellScriptBuildPhase;
			buildActionMask = 2147483647;
			files = (
			);
			inputFileListPaths = (
				"${PODS_ROOT}/Target Support Files/Pods-frontBigTip-frontBigTipUITests/Pods-frontBigTip-frontBigTipUITests-frameworks-${CONFIGURATION}-input-files.xcfilelist",
			);
			name = "[CP] Embed Pods Frameworks";
			outputFileListPaths = (
				"${PODS_ROOT}/Target Support Files/Pods-frontBigTip-frontBigTipUITests/Pods-frontBigTip-frontBigTipUITests-frameworks-${CONFIGURATION}-output-files.xcfilelist",
			);
			runOnlyForDeploymentPostprocessing = 0;
			shellPath = /bin/sh;
			shellScript = "\"${PODS_ROOT}/Target Support Files/Pods-frontBigTip-frontBigTipUITests/Pods-frontBigTip-frontBigTipUITests-frameworks.sh\"\n";
			showEnvVarsInLog = 0;
		};
/* End PBXShellScriptBuildPhase section */

/* Begin PBXSourcesBuildPhase section */
		0094121C23B12D4A0034780B /* Sources */ = {
			isa = PBXSourcesBuildPhase;
			buildActionMask = 2147483647;
			files = (
				0094122423B12D4B0034780B /* AppDelegate.swift in Sources */,
				0074145B23C3B51900C2A594 /* Account_Singleton.swift in Sources */,
				00BD7E5423B7411E00DA6EB4 /* Tip.swift in Sources */,
				00DEEEAE23B27CF00063C145 /* TipVideo.swift in Sources */,
				00E01DC923CA3D7600FE5144 /* TipVideoDetail.swift in Sources */,
				0074145823C3B51900C2A594 /* SharedTipVideoData_Singleton.swift in Sources */,
				00B1607523D0D1F40012FC2D /* StoredData_Singleton.swift in Sources */,
				00C79DD323C11E84009ACF62 /* Account.swift in Sources */,
				00BD7E5323B7411E00DA6EB4 /* TapSession.swift in Sources */,
				007621F523D467320037244E /* DataStored_Debug.swift in Sources */,
				00DEEEEF23B287EE0063C145 /* SessionManagement.swift in Sources */,
				00C3939A23BFCE6500EC9401 /* Account_Events.swift in Sources */,
				0094122623B12D4B0034780B /* SceneDelegate.swift in Sources */,
				00E01DCC23CA44D800FE5144 /* EMPTYPlayerTipVideo.swift in Sources */,
				0050ACAB23BE79A900AEDC88 /* SwiftUIView.swift in Sources */,
				00BD7E5523B7411E00DA6EB4 /* Users.swift in Sources */,
				0039E4FB23B4CF72004C93C3 /* HomePage.swift in Sources */,
				006790A123B9366A002F3473 /* PreviewRow.swift in Sources */,
				00DEEEF023B287EE0063C145 /* DataHandling.swift in Sources */,
				0074145923C3B51900C2A594 /* CurrentUser_Singleton.swift in Sources */,
				00C79DD123C11BE6009ACF62 /* AccountStatementManagement.swift in Sources */,
			);
			runOnlyForDeploymentPostprocessing = 0;
		};
		0094123223B12D4D0034780B /* Sources */ = {
			isa = PBXSourcesBuildPhase;
			buildActionMask = 2147483647;
			files = (
				00BD7E5823B749F500DA6EB4 /* Users.swift in Sources */,
				00BD7E5723B749F500DA6EB4 /* Tip.swift in Sources */,
				00BD7E5A23B749F500DA6EB4 /* TipVideo.swift in Sources */,
				00BD7E5623B749F500DA6EB4 /* TapSession.swift in Sources */,
				0094123B23B12D4D0034780B /* frontBigTipTests.swift in Sources */,
			);
			runOnlyForDeploymentPostprocessing = 0;
		};
		0094123D23B12D4D0034780B /* Sources */ = {
			isa = PBXSourcesBuildPhase;
			buildActionMask = 2147483647;
			files = (
				00BD7E5E23B749F600DA6EB4 /* Users.swift in Sources */,
				00BD7E5D23B749F600DA6EB4 /* Tip.swift in Sources */,
				00BD7E6023B749F600DA6EB4 /* TipVideo.swift in Sources */,
				00BD7E5C23B749F600DA6EB4 /* TapSession.swift in Sources */,
				0094124623B12D4D0034780B /* frontBigTipUITests.swift in Sources */,
			);
			runOnlyForDeploymentPostprocessing = 0;
		};
/* End PBXSourcesBuildPhase section */

/* Begin PBXTargetDependency section */
		0094123823B12D4D0034780B /* PBXTargetDependency */ = {
			isa = PBXTargetDependency;
			target = 0094121F23B12D4A0034780B /* frontBigTip */;
			targetProxy = 0094123723B12D4D0034780B /* PBXContainerItemProxy */;
		};
		0094124323B12D4D0034780B /* PBXTargetDependency */ = {
			isa = PBXTargetDependency;
			target = 0094121F23B12D4A0034780B /* frontBigTip */;
			targetProxy = 0094124223B12D4D0034780B /* PBXContainerItemProxy */;
		};
/* End PBXTargetDependency section */

/* Begin PBXVariantGroup section */
		0094122E23B12D4D0034780B /* LaunchScreen.storyboard */ = {
			isa = PBXVariantGroup;
			children = (
				0094122F23B12D4D0034780B /* Base */,
			);
			name = LaunchScreen.storyboard;
			sourceTree = "<group>";
		};
/* End PBXVariantGroup section */

/* Begin XCBuildConfiguration section */
		0094124823B12D4D0034780B /* Debug */ = {
			isa = XCBuildConfiguration;
			buildSettings = {
				ALWAYS_SEARCH_USER_PATHS = NO;
				CLANG_ANALYZER_NONNULL = YES;
				CLANG_ANALYZER_NUMBER_OBJECT_CONVERSION = YES_AGGRESSIVE;
				CLANG_CXX_LANGUAGE_STANDARD = "gnu++14";
				CLANG_CXX_LIBRARY = "libc++";
				CLANG_ENABLE_MODULES = YES;
				CLANG_ENABLE_OBJC_ARC = YES;
				CLANG_ENABLE_OBJC_WEAK = YES;
				CLANG_WARN_BLOCK_CAPTURE_AUTORELEASING = YES;
				CLANG_WARN_BOOL_CONVERSION = YES;
				CLANG_WARN_COMMA = YES;
				CLANG_WARN_CONSTANT_CONVERSION = YES;
				CLANG_WARN_DEPRECATED_OBJC_IMPLEMENTATIONS = YES;
				CLANG_WARN_DIRECT_OBJC_ISA_USAGE = YES_ERROR;
				CLANG_WARN_DOCUMENTATION_COMMENTS = YES;
				CLANG_WARN_EMPTY_BODY = YES;
				CLANG_WARN_ENUM_CONVERSION = YES;
				CLANG_WARN_INFINITE_RECURSION = YES;
				CLANG_WARN_INT_CONVERSION = YES;
				CLANG_WARN_NON_LITERAL_NULL_CONVERSION = YES;
				CLANG_WARN_OBJC_IMPLICIT_RETAIN_SELF = YES;
				CLANG_WARN_OBJC_LITERAL_CONVERSION = YES;
				CLANG_WARN_OBJC_ROOT_CLASS = YES_ERROR;
				CLANG_WARN_RANGE_LOOP_ANALYSIS = YES;
				CLANG_WARN_STRICT_PROTOTYPES = YES;
				CLANG_WARN_SUSPICIOUS_MOVE = YES;
				CLANG_WARN_UNGUARDED_AVAILABILITY = YES_AGGRESSIVE;
				CLANG_WARN_UNREACHABLE_CODE = YES;
				CLANG_WARN__DUPLICATE_METHOD_MATCH = YES;
				COPY_PHASE_STRIP = NO;
				DEBUG_INFORMATION_FORMAT = dwarf;
				ENABLE_STRICT_OBJC_MSGSEND = YES;
				ENABLE_TESTABILITY = YES;
				GCC_C_LANGUAGE_STANDARD = gnu11;
				GCC_DYNAMIC_NO_PIC = NO;
				GCC_NO_COMMON_BLOCKS = YES;
				GCC_OPTIMIZATION_LEVEL = 0;
				GCC_PREPROCESSOR_DEFINITIONS = (
					"DEBUG=1",
					"$(inherited)",
				);
				GCC_WARN_64_TO_32_BIT_CONVERSION = YES;
				GCC_WARN_ABOUT_RETURN_TYPE = YES_ERROR;
				GCC_WARN_UNDECLARED_SELECTOR = YES;
				GCC_WARN_UNINITIALIZED_AUTOS = YES_AGGRESSIVE;
				GCC_WARN_UNUSED_FUNCTION = YES;
				GCC_WARN_UNUSED_VARIABLE = YES;
				IPHONEOS_DEPLOYMENT_TARGET = 13.2;
				MTL_ENABLE_DEBUG_INFO = INCLUDE_SOURCE;
				MTL_FAST_MATH = YES;
				ONLY_ACTIVE_ARCH = YES;
				SDKROOT = iphoneos;
				SWIFT_ACTIVE_COMPILATION_CONDITIONS = DEBUG;
				SWIFT_OPTIMIZATION_LEVEL = "-Onone";
			};
			name = Debug;
		};
		0094124923B12D4D0034780B /* Release */ = {
			isa = XCBuildConfiguration;
			buildSettings = {
				ALWAYS_SEARCH_USER_PATHS = NO;
				CLANG_ANALYZER_NONNULL = YES;
				CLANG_ANALYZER_NUMBER_OBJECT_CONVERSION = YES_AGGRESSIVE;
				CLANG_CXX_LANGUAGE_STANDARD = "gnu++14";
				CLANG_CXX_LIBRARY = "libc++";
				CLANG_ENABLE_MODULES = YES;
				CLANG_ENABLE_OBJC_ARC = YES;
				CLANG_ENABLE_OBJC_WEAK = YES;
				CLANG_WARN_BLOCK_CAPTURE_AUTORELEASING = YES;
				CLANG_WARN_BOOL_CONVERSION = YES;
				CLANG_WARN_COMMA = YES;
				CLANG_WARN_CONSTANT_CONVERSION = YES;
				CLANG_WARN_DEPRECATED_OBJC_IMPLEMENTATIONS = YES;
				CLANG_WARN_DIRECT_OBJC_ISA_USAGE = YES_ERROR;
				CLANG_WARN_DOCUMENTATION_COMMENTS = YES;
				CLANG_WARN_EMPTY_BODY = YES;
				CLANG_WARN_ENUM_CONVERSION = YES;
				CLANG_WARN_INFINITE_RECURSION = YES;
				CLANG_WARN_INT_CONVERSION = YES;
				CLANG_WARN_NON_LITERAL_NULL_CONVERSION = YES;
				CLANG_WARN_OBJC_IMPLICIT_RETAIN_SELF = YES;
				CLANG_WARN_OBJC_LITERAL_CONVERSION = YES;
				CLANG_WARN_OBJC_ROOT_CLASS = YES_ERROR;
				CLANG_WARN_RANGE_LOOP_ANALYSIS = YES;
				CLANG_WARN_STRICT_PROTOTYPES = YES;
				CLANG_WARN_SUSPICIOUS_MOVE = YES;
				CLANG_WARN_UNGUARDED_AVAILABILITY = YES_AGGRESSIVE;
				CLANG_WARN_UNREACHABLE_CODE = YES;
				CLANG_WARN__DUPLICATE_METHOD_MATCH = YES;
				COPY_PHASE_STRIP = NO;
				DEBUG_INFORMATION_FORMAT = "dwarf-with-dsym";
				ENABLE_NS_ASSERTIONS = NO;
				ENABLE_STRICT_OBJC_MSGSEND = YES;
				GCC_C_LANGUAGE_STANDARD = gnu11;
				GCC_NO_COMMON_BLOCKS = YES;
				GCC_WARN_64_TO_32_BIT_CONVERSION = YES;
				GCC_WARN_ABOUT_RETURN_TYPE = YES_ERROR;
				GCC_WARN_UNDECLARED_SELECTOR = YES;
				GCC_WARN_UNINITIALIZED_AUTOS = YES_AGGRESSIVE;
				GCC_WARN_UNUSED_FUNCTION = YES;
				GCC_WARN_UNUSED_VARIABLE = YES;
				IPHONEOS_DEPLOYMENT_TARGET = 13.2;
				MTL_ENABLE_DEBUG_INFO = NO;
				MTL_FAST_MATH = YES;
				SDKROOT = iphoneos;
				SWIFT_COMPILATION_MODE = wholemodule;
				SWIFT_OPTIMIZATION_LEVEL = "-O";
				VALIDATE_PRODUCT = YES;
			};
			name = Release;
		};
		0094124B23B12D4D0034780B /* Debug */ = {
			isa = XCBuildConfiguration;
			baseConfigurationReference = AD64B3F55D4C228AFEC24B80 /* Pods-frontBigTip.debug.xcconfig */;
			buildSettings = {
				ASSETCATALOG_COMPILER_APPICON_NAME = AppIcon;
				CODE_SIGN_STYLE = Automatic;
				DEVELOPMENT_ASSET_PATHS = "\"frontBigTip/Preview Content\"";
				DEVELOPMENT_TEAM = 967N6AN524;
				ENABLE_PREVIEWS = YES;
				INFOPLIST_FILE = frontBigTip/Info.plist;
				LD_RUNPATH_SEARCH_PATHS = (
					"$(inherited)",
					"@executable_path/Frameworks",
				);
				PRODUCT_BUNDLE_IDENTIFIER = theBigTipTheory.frontBigTip;
				PRODUCT_NAME = "$(TARGET_NAME)";
				SWIFT_VERSION = 5.0;
				TARGETED_DEVICE_FAMILY = "1,2";
			};
			name = Debug;
		};
		0094124C23B12D4D0034780B /* Release */ = {
			isa = XCBuildConfiguration;
			baseConfigurationReference = 30399530EDB9D66AC12FD4E5 /* Pods-frontBigTip.release.xcconfig */;
			buildSettings = {
				ASSETCATALOG_COMPILER_APPICON_NAME = AppIcon;
				CODE_SIGN_STYLE = Automatic;
				DEVELOPMENT_ASSET_PATHS = "\"frontBigTip/Preview Content\"";
				DEVELOPMENT_TEAM = 967N6AN524;
				ENABLE_PREVIEWS = YES;
				INFOPLIST_FILE = frontBigTip/Info.plist;
				LD_RUNPATH_SEARCH_PATHS = (
					"$(inherited)",
					"@executable_path/Frameworks",
				);
				PRODUCT_BUNDLE_IDENTIFIER = theBigTipTheory.frontBigTip;
				PRODUCT_NAME = "$(TARGET_NAME)";
				SWIFT_VERSION = 5.0;
				TARGETED_DEVICE_FAMILY = "1,2";
			};
			name = Release;
		};
		0094124E23B12D4D0034780B /* Debug */ = {
			isa = XCBuildConfiguration;
			baseConfigurationReference = DA028526D5B4D8A284653361 /* Pods-frontBigTipTests.debug.xcconfig */;
			buildSettings = {
				ALWAYS_EMBED_SWIFT_STANDARD_LIBRARIES = YES;
				BUNDLE_LOADER = "$(TEST_HOST)";
				CODE_SIGN_STYLE = Automatic;
				DEVELOPMENT_TEAM = 967N6AN524;
				INFOPLIST_FILE = frontBigTipTests/Info.plist;
				IPHONEOS_DEPLOYMENT_TARGET = 13.2;
				LD_RUNPATH_SEARCH_PATHS = (
					"$(inherited)",
					"@executable_path/Frameworks",
					"@loader_path/Frameworks",
				);
				PRODUCT_BUNDLE_IDENTIFIER = theBigTipTheory.frontBigTipTests;
				PRODUCT_NAME = "$(TARGET_NAME)";
				SWIFT_VERSION = 5.0;
				TARGETED_DEVICE_FAMILY = "1,2";
				TEST_HOST = "$(BUILT_PRODUCTS_DIR)/frontBigTip.app/frontBigTip";
			};
			name = Debug;
		};
		0094124F23B12D4D0034780B /* Release */ = {
			isa = XCBuildConfiguration;
			baseConfigurationReference = 7185D91F21FEF9FEA8C985B3 /* Pods-frontBigTipTests.release.xcconfig */;
			buildSettings = {
				ALWAYS_EMBED_SWIFT_STANDARD_LIBRARIES = YES;
				BUNDLE_LOADER = "$(TEST_HOST)";
				CODE_SIGN_STYLE = Automatic;
				DEVELOPMENT_TEAM = 967N6AN524;
				INFOPLIST_FILE = frontBigTipTests/Info.plist;
				IPHONEOS_DEPLOYMENT_TARGET = 13.2;
				LD_RUNPATH_SEARCH_PATHS = (
					"$(inherited)",
					"@executable_path/Frameworks",
					"@loader_path/Frameworks",
				);
				PRODUCT_BUNDLE_IDENTIFIER = theBigTipTheory.frontBigTipTests;
				PRODUCT_NAME = "$(TARGET_NAME)";
				SWIFT_VERSION = 5.0;
				TARGETED_DEVICE_FAMILY = "1,2";
				TEST_HOST = "$(BUILT_PRODUCTS_DIR)/frontBigTip.app/frontBigTip";
			};
			name = Release;
		};
		0094125123B12D4D0034780B /* Debug */ = {
			isa = XCBuildConfiguration;
			baseConfigurationReference = 3D854FD7E3C0AB158FE272C9 /* Pods-frontBigTip-frontBigTipUITests.debug.xcconfig */;
			buildSettings = {
				ALWAYS_EMBED_SWIFT_STANDARD_LIBRARIES = YES;
				CODE_SIGN_STYLE = Automatic;
				DEVELOPMENT_TEAM = 967N6AN524;
				INFOPLIST_FILE = frontBigTipUITests/Info.plist;
				LD_RUNPATH_SEARCH_PATHS = (
					"$(inherited)",
					"@executable_path/Frameworks",
					"@loader_path/Frameworks",
				);
				PRODUCT_BUNDLE_IDENTIFIER = theBigTipTheory.frontBigTipUITests;
				PRODUCT_NAME = "$(TARGET_NAME)";
				SWIFT_VERSION = 5.0;
				TARGETED_DEVICE_FAMILY = "1,2";
				TEST_TARGET_NAME = frontBigTip;
			};
			name = Debug;
		};
		0094125223B12D4D0034780B /* Release */ = {
			isa = XCBuildConfiguration;
			baseConfigurationReference = 2ABB7E4674470043D71B346E /* Pods-frontBigTip-frontBigTipUITests.release.xcconfig */;
			buildSettings = {
				ALWAYS_EMBED_SWIFT_STANDARD_LIBRARIES = YES;
				CODE_SIGN_STYLE = Automatic;
				DEVELOPMENT_TEAM = 967N6AN524;
				INFOPLIST_FILE = frontBigTipUITests/Info.plist;
				LD_RUNPATH_SEARCH_PATHS = (
					"$(inherited)",
					"@executable_path/Frameworks",
					"@loader_path/Frameworks",
				);
				PRODUCT_BUNDLE_IDENTIFIER = theBigTipTheory.frontBigTipUITests;
				PRODUCT_NAME = "$(TARGET_NAME)";
				SWIFT_VERSION = 5.0;
				TARGETED_DEVICE_FAMILY = "1,2";
				TEST_TARGET_NAME = frontBigTip;
			};
			name = Release;
		};
/* End XCBuildConfiguration section */

/* Begin XCConfigurationList section */
		0094121B23B12D4A0034780B /* Build configuration list for PBXProject "frontBigTip" */ = {
			isa = XCConfigurationList;
			buildConfigurations = (
				0094124823B12D4D0034780B /* Debug */,
				0094124923B12D4D0034780B /* Release */,
			);
			defaultConfigurationIsVisible = 0;
			defaultConfigurationName = Release;
		};
		0094124A23B12D4D0034780B /* Build configuration list for PBXNativeTarget "frontBigTip" */ = {
			isa = XCConfigurationList;
			buildConfigurations = (
				0094124B23B12D4D0034780B /* Debug */,
				0094124C23B12D4D0034780B /* Release */,
			);
			defaultConfigurationIsVisible = 0;
			defaultConfigurationName = Release;
		};
		0094124D23B12D4D0034780B /* Build configuration list for PBXNativeTarget "frontBigTipTests" */ = {
			isa = XCConfigurationList;
			buildConfigurations = (
				0094124E23B12D4D0034780B /* Debug */,
				0094124F23B12D4D0034780B /* Release */,
			);
			defaultConfigurationIsVisible = 0;
			defaultConfigurationName = Release;
		};
		0094125023B12D4D0034780B /* Build configuration list for PBXNativeTarget "frontBigTipUITests" */ = {
			isa = XCConfigurationList;
			buildConfigurations = (
				0094125123B12D4D0034780B /* Debug */,
				0094125223B12D4D0034780B /* Release */,
			);
			defaultConfigurationIsVisible = 0;
			defaultConfigurationName = Release;
		};
/* End XCConfigurationList section */

/* Begin XCRemoteSwiftPackageReference section */
		00E01DCD23CA458300FE5144 /* XCRemoteSwiftPackageReference "VideoPlayer" */ = {
			isa = XCRemoteSwiftPackageReference;
			repositoryURL = "https://github.com/wxxsw/VideoPlayer";
			requirement = {
				kind = upToNextMajorVersion;
				minimumVersion = 1.0.0;
			};
		};
/* End XCRemoteSwiftPackageReference section */

/* Begin XCSwiftPackageProductDependency section */
		00E01DCE23CA458300FE5144 /* VideoPlayer */ = {
			isa = XCSwiftPackageProductDependency;
			package = 00E01DCD23CA458300FE5144 /* XCRemoteSwiftPackageReference "VideoPlayer" */;
			productName = VideoPlayer;
		};
/* End XCSwiftPackageProductDependency section */
	};
	rootObject = 0094121823B12D4A0034780B /* Project object */;
}
